version: 6
environments:
  default:
    channels:
    - url: https://conda.anaconda.org/conda-forge/
    options:
      pypi-prerelease-mode: if-necessary-or-explicit
    packages:
      osx-arm64:
      - conda: https://conda.anaconda.org/conda-forge/noarch/aiohappyeyeballs-2.6.1-pyhd8ed1ab_0.conda
      - conda: https://conda.anaconda.org/conda-forge/osx-arm64/aiohttp-3.13.3-py313h53c0e3e_0.conda
      - conda: https://conda.anaconda.org/conda-forge/noarch/aiosignal-1.4.0-pyhd8ed1ab_0.conda
      - conda: https://conda.anaconda.org/conda-forge/noarch/annotated-types-0.7.0-pyhd8ed1ab_1.conda
      - conda: https://conda.anaconda.org/conda-forge/noarch/attrs-25.4.0-pyhcf101f3_1.conda
      - conda: https://conda.anaconda.org/conda-forge/osx-arm64/backports.zstd-1.3.0-py313h48bb75e_0.conda
      - conda: https://conda.anaconda.org/conda-forge/osx-arm64/brotli-python-1.2.0-py313hde1f3bb_1.conda
      - conda: https://conda.anaconda.org/conda-forge/osx-arm64/bzip2-1.0.8-hd037594_8.conda
      - conda: https://conda.anaconda.org/conda-forge/osx-arm64/c-ares-1.34.6-hc919400_0.conda
      - conda: https://conda.anaconda.org/conda-forge/noarch/ca-certificates-2026.1.4-hbd8a1cb_0.conda
      - conda: https://conda.anaconda.org/conda-forge/noarch/certifi-2026.1.4-pyhd8ed1ab_0.conda
      - conda: https://conda.anaconda.org/conda-forge/osx-arm64/cffi-2.0.0-py313h224173a_1.conda
      - conda: https://conda.anaconda.org/conda-forge/noarch/charset-normalizer-3.4.4-pyhd8ed1ab_0.conda
      - conda: https://conda.anaconda.org/conda-forge/osx-arm64/cryptography-46.0.4-py313he3f6fad_0.conda
      - conda: https://conda.anaconda.org/conda-forge/osx-arm64/frozenlist-1.7.0-py313hf28abc0_0.conda
      - conda: https://conda.anaconda.org/conda-forge/noarch/google-ai-generativelanguage-0.6.15-pyhd8ed1ab_0.conda
      - conda: https://conda.anaconda.org/conda-forge/noarch/google-api-core-2.29.0-pyhd8ed1ab_0.conda
      - conda: https://conda.anaconda.org/conda-forge/noarch/google-api-python-client-2.189.0-pyh332efcf_0.conda
      - conda: https://conda.anaconda.org/conda-forge/noarch/google-auth-2.48.0-pyhcf101f3_0.conda
      - conda: https://conda.anaconda.org/conda-forge/noarch/google-auth-httplib2-0.3.0-pyhd8ed1ab_0.conda
      - conda: https://conda.anaconda.org/conda-forge/noarch/google-generativeai-0.8.6-pyhcf101f3_0.conda
      - conda: https://conda.anaconda.org/conda-forge/noarch/googleapis-common-protos-1.72.0-pyhd8ed1ab_0.conda
      - conda: https://conda.anaconda.org/conda-forge/osx-arm64/grpcio-1.71.0-py313he3ef9dc_1.conda
      - conda: https://conda.anaconda.org/conda-forge/noarch/h2-4.3.0-pyhcf101f3_0.conda
      - conda: https://conda.anaconda.org/conda-forge/noarch/hpack-4.1.0-pyhd8ed1ab_0.conda
      - conda: https://conda.anaconda.org/conda-forge/noarch/httplib2-0.31.2-pyhd8ed1ab_0.conda
      - conda: https://conda.anaconda.org/conda-forge/noarch/hyperframe-6.1.0-pyhd8ed1ab_0.conda
      - conda: https://conda.anaconda.org/conda-forge/osx-arm64/icu-78.2-h38cb7af_0.conda
      - conda: https://conda.anaconda.org/conda-forge/noarch/idna-3.11-pyhd8ed1ab_0.conda
      - conda: https://conda.anaconda.org/conda-forge/osx-arm64/libabseil-20250127.1-cxx17_h07bc746_0.conda
      - conda: https://conda.anaconda.org/conda-forge/osx-arm64/libcxx-21.1.8-h55c6f16_2.conda
      - conda: https://conda.anaconda.org/conda-forge/osx-arm64/libexpat-2.7.3-haf25636_0.conda
      - conda: https://conda.anaconda.org/conda-forge/osx-arm64/libffi-3.5.2-hcf2aa1b_0.conda
      - conda: https://conda.anaconda.org/conda-forge/osx-arm64/libgrpc-1.71.0-h857da87_1.conda
      - conda: https://conda.anaconda.org/conda-forge/osx-arm64/liblzma-5.8.2-h8088a28_0.conda
      - conda: https://conda.anaconda.org/conda-forge/osx-arm64/libmpdec-4.0.0-h84a0fba_1.conda
      - conda: https://conda.anaconda.org/conda-forge/osx-arm64/libprotobuf-5.29.3-h7463a21_3.conda
      - conda: https://conda.anaconda.org/conda-forge/osx-arm64/libre2-11-2025.06.26-hd41c47c_0.conda
      - conda: https://conda.anaconda.org/conda-forge/osx-arm64/libsqlite-3.51.2-h1ae2325_0.conda
      - conda: https://conda.anaconda.org/conda-forge/osx-arm64/libzlib-1.3.1-h8359307_2.conda
      - conda: https://conda.anaconda.org/conda-forge/osx-arm64/multidict-6.7.0-py313h92dd972_0.conda
      - conda: https://conda.anaconda.org/conda-forge/osx-arm64/ncurses-6.5-h5e97a16_3.conda
      - conda: https://conda.anaconda.org/conda-forge/osx-arm64/openssl-3.6.1-hd24854e_1.conda
      - conda: https://conda.anaconda.org/conda-forge/osx-arm64/propcache-0.3.1-py313ha9b7d5b_0.conda
      - conda: https://conda.anaconda.org/conda-forge/noarch/proto-plus-1.27.1-pyhd8ed1ab_0.conda
      - conda: https://conda.anaconda.org/conda-forge/osx-arm64/protobuf-5.29.3-py313hfa7305b_0.conda
      - conda: https://conda.anaconda.org/conda-forge/noarch/pyasn1-0.6.2-pyhd8ed1ab_0.conda
      - conda: https://conda.anaconda.org/conda-forge/noarch/pyasn1-modules-0.4.2-pyhd8ed1ab_0.conda
      - conda: https://conda.anaconda.org/conda-forge/noarch/pycparser-2.22-pyh29332c3_1.conda
      - conda: https://conda.anaconda.org/conda-forge/noarch/pydantic-2.12.5-pyhcf101f3_1.conda
      - conda: https://conda.anaconda.org/conda-forge/osx-arm64/pydantic-core-2.41.5-py313h2c089d5_1.conda
      - conda: https://conda.anaconda.org/conda-forge/noarch/pyopenssl-25.3.0-pyhd8ed1ab_0.conda
      - conda: https://conda.anaconda.org/conda-forge/noarch/pyparsing-3.3.2-pyhcf101f3_0.conda
      - conda: https://conda.anaconda.org/conda-forge/noarch/pysocks-1.7.1-pyha55dd90_7.conda
      - conda: https://conda.anaconda.org/conda-forge/osx-arm64/python-3.13.12-h20e6be0_100_cp313.conda
      - conda: https://conda.anaconda.org/conda-forge/noarch/python_abi-3.13-8_cp313.conda
      - conda: https://conda.anaconda.org/conda-forge/noarch/pyu2f-0.1.5-pyhd8ed1ab_1.conda
      - conda: https://conda.anaconda.org/conda-forge/osx-arm64/re2-2025.06.26-h6589ca4_0.conda
      - conda: https://conda.anaconda.org/conda-forge/osx-arm64/readline-8.3-h46df422_0.conda
      - conda: https://conda.anaconda.org/conda-forge/noarch/requests-2.32.5-pyhcf101f3_1.conda
      - conda: https://conda.anaconda.org/conda-forge/noarch/rsa-4.9.1-pyhd8ed1ab_0.conda
      - conda: https://conda.anaconda.org/conda-forge/noarch/six-1.17.0-pyhe01879c_1.conda
      - conda: https://conda.anaconda.org/conda-forge/osx-arm64/tk-8.6.13-h010d191_3.conda
      - conda: https://conda.anaconda.org/conda-forge/noarch/tqdm-4.67.3-pyh8f84b5b_0.conda
      - conda: https://conda.anaconda.org/conda-forge/noarch/typing-extensions-4.15.0-h396c80c_0.conda
      - conda: https://conda.anaconda.org/conda-forge/noarch/typing-inspection-0.4.2-pyhd8ed1ab_1.conda
      - conda: https://conda.anaconda.org/conda-forge/noarch/typing_extensions-4.15.0-pyhcf101f3_0.conda
      - conda: https://conda.anaconda.org/conda-forge/noarch/tzdata-2025c-hc9c84f9_1.conda
      - conda: https://conda.anaconda.org/conda-forge/noarch/uritemplate-4.2.0-pyhd8ed1ab_0.conda
      - conda: https://conda.anaconda.org/conda-forge/noarch/urllib3-2.6.3-pyhd8ed1ab_0.conda
      - conda: https://conda.anaconda.org/conda-forge/osx-arm64/yarl-1.22.0-py313h7d74516_0.conda
      - conda: https://conda.anaconda.org/conda-forge/osx-arm64/zstd-1.5.7-hbf9d68e_6.conda
packages:
- conda: https://conda.anaconda.org/conda-forge/noarch/aiohappyeyeballs-2.6.1-pyhd8ed1ab_0.conda
  sha256: 7842ddc678e77868ba7b92a726b437575b23aaec293bca0d40826f1026d90e27
  md5: 18fd895e0e775622906cdabfc3cf0fb4
  depends:
  - python >=3.9
  license: PSF-2.0
  license_family: PSF
  size: 19750
  timestamp: 1741775303303
- conda: https://conda.anaconda.org/conda-forge/osx-arm64/aiohttp-3.13.3-py313h53c0e3e_0.conda
  sha256: 28f88df22b68fce5158e7a26387d5c285c72ff0f067d195a44ee3f687b595c2d
  md5: 3360ba585f70b33d4976766b84bb47e7
  depends:
  - __osx >=11.0
  - aiohappyeyeballs >=2.5.0
  - aiosignal >=1.4.0
  - attrs >=17.3.0
  - frozenlist >=1.1.1
  - multidict >=4.5,<7.0
  - propcache >=0.2.0
  - python >=3.13,<3.14.0a0
  - python >=3.13,<3.14.0a0 *_cp313
  - python_abi 3.13.* *_cp313
  - yarl >=1.17.0,<2.0
  license: MIT AND Apache-2.0
  license_family: Apache
  size: 1001234
  timestamp: 1767525001456
- conda: https://conda.anaconda.org/conda-forge/noarch/aiosignal-1.4.0-pyhd8ed1ab_0.conda
  sha256: 8dc149a6828d19bf104ea96382a9d04dae185d4a03cc6beb1bc7b84c428e3ca2
  md5: 421a865222cd0c9d83ff08bc78bf3a61
  depends:
  - frozenlist >=1.1.0
  - python >=3.9
  - typing_extensions >=4.2
  license: Apache-2.0
  license_family: APACHE
  size: 13688
  timestamp: 1751626573984
- conda: https://conda.anaconda.org/conda-forge/noarch/annotated-types-0.7.0-pyhd8ed1ab_1.conda
  sha256: e0ea1ba78fbb64f17062601edda82097fcf815012cf52bb704150a2668110d48
  md5: 2934f256a8acfe48f6ebb4fce6cde29c
  depends:
  - python >=3.9
  - typing-extensions >=4.0.0
  license: MIT
  license_family: MIT
  size: 18074
  timestamp: 1733247158254
- conda: https://conda.anaconda.org/conda-forge/noarch/attrs-25.4.0-pyhcf101f3_1.conda
  sha256: c13d5e42d187b1d0255f591b7ce91201d4ed8a5370f0d986707a802c20c9d32f
  md5: 537296d57ea995666c68c821b00e360b
  depends:
  - python >=3.10
  - python
  license: MIT
  license_family: MIT
  size: 64759
  timestamp: 1764875182184
- conda: https://conda.anaconda.org/conda-forge/osx-arm64/backports.zstd-1.3.0-py313h48bb75e_0.conda
  sha256: f3047ca3b41bb444b4b5a71a6eee182623192c77019746dd4685fd260becb249
  md5: 54008c5cc8928e5cb5a0f9206b829451
  depends:
  - python
  - python 3.13.* *_cp313
  - __osx >=11.0
  - zstd >=1.5.7,<1.6.0a0
  - python_abi 3.13.* *_cp313
  license: BSD-3-Clause AND MIT AND EPL-2.0
  size: 244371
  timestamp: 1767045003420
- conda: https://conda.anaconda.org/conda-forge/osx-arm64/brotli-python-1.2.0-py313hde1f3bb_1.conda
  sha256: 2e21dccccd68bedd483300f9ab87a425645f6776e6e578e10e0dd98c946e1be9
  md5: b03732afa9f4f54634d94eb920dfb308
  depends:
  - __osx >=11.0
  - libcxx >=19
  - python >=3.13,<3.14.0a0
  - python >=3.13,<3.14.0a0 *_cp313
  - python_abi 3.13.* *_cp313
  constrains:
  - libbrotlicommon 1.2.0 hc919400_1
  license: MIT
  license_family: MIT
  size: 359568
  timestamp: 1764018359470
- conda: https://conda.anaconda.org/conda-forge/osx-arm64/bzip2-1.0.8-hd037594_8.conda
  sha256: b456200636bd5fecb2bec63f7e0985ad2097cf1b83d60ce0b6968dffa6d02aa1
  md5: 58fd217444c2a5701a44244faf518206
  depends:
  - __osx >=11.0
  license: bzip2-1.0.6
  license_family: BSD
  size: 125061
  timestamp: 1757437486465
- conda: https://conda.anaconda.org/conda-forge/osx-arm64/c-ares-1.34.6-hc919400_0.conda
  sha256: 2995f2aed4e53725e5efbc28199b46bf311c3cab2648fc4f10c2227d6d5fa196
  md5: bcb3cba70cf1eec964a03b4ba7775f01
  depends:
  - __osx >=11.0
  license: MIT
  license_family: MIT
  size: 180327
  timestamp: 1765215064054
- conda: https://conda.anaconda.org/conda-forge/noarch/ca-certificates-2026.1.4-hbd8a1cb_0.conda
  sha256: b5974ec9b50e3c514a382335efa81ed02b05906849827a34061c496f4defa0b2
  md5: bddacf101bb4dd0e51811cb69c7790e2
  depends:
  - __unix
  license: ISC
  size: 146519
  timestamp: 1767500828366
- conda: https://conda.anaconda.org/conda-forge/noarch/certifi-2026.1.4-pyhd8ed1ab_0.conda
  sha256: 110338066d194a715947808611b763857c15458f8b3b97197387356844af9450
  md5: eacc711330cd46939f66cd401ff9c44b
  depends:
  - python >=3.10
  license: ISC
  size: 150969
  timestamp: 1767500900768
- conda: https://conda.anaconda.org/conda-forge/osx-arm64/cffi-2.0.0-py313h224173a_1.conda
  sha256: 1fa69651f5e81c25d48ac42064db825ed1a3e53039629db69f86b952f5ce603c
  md5: 050374657d1c7a4f2ea443c0d0cbd9a0
  depends:
  - __osx >=11.0
  - libffi >=3.5.2,<3.6.0a0
  - pycparser
  - python >=3.13,<3.14.0a0
  - python >=3.13,<3.14.0a0 *_cp313
  - python_abi 3.13.* *_cp313
  license: MIT
  license_family: MIT
  size: 291376
  timestamp: 1761203583358
- conda: https://conda.anaconda.org/conda-forge/noarch/charset-normalizer-3.4.4-pyhd8ed1ab_0.conda
  sha256: b32f8362e885f1b8417bac2b3da4db7323faa12d5db62b7fd6691c02d60d6f59
  md5: a22d1fd9bf98827e280a02875d9a007a
  depends:
  - python >=3.10
  license: MIT
  license_family: MIT
  size: 50965
  timestamp: 1760437331772
- conda: https://conda.anaconda.org/conda-forge/osx-arm64/cryptography-46.0.4-py313he3f6fad_0.conda
  sha256: f08c315c97e98c3343a45a4e5141dcc56b58363d9d3f1420bff6826eb1f24e4a
  md5: 7818c7f27bd07437fc93843dad900e7b
  depends:
  - __osx >=11.0
  - cffi >=1.14
  - openssl >=3.5.5,<4.0a0
  - python >=3.13,<3.14.0a0
  - python >=3.13,<3.14.0a0 *_cp313
  - python_abi 3.13.* *_cp313
  constrains:
  - __osx >=11.0
  license: Apache-2.0 AND BSD-3-Clause AND PSF-2.0 AND MIT
  license_family: BSD
  size: 1596408
  timestamp: 1769650774022
- conda: https://conda.anaconda.org/conda-forge/osx-arm64/frozenlist-1.7.0-py313hf28abc0_0.conda
  sha256: 884fad919b72baaddb8511753bbd46bb1e22591c9e33c24a5a08075498064cd8
  md5: f92b265f23642a6ce4eeab5a71cc8283
  depends:
  - __osx >=11.0
  - libcxx >=19
  - python >=3.13,<3.14.0a0
  - python >=3.13,<3.14.0a0 *_cp313
  - python_abi 3.13.* *_cp313
  license: Apache-2.0
  license_family: APACHE
  size: 51029
  timestamp: 1752167430052
- conda: https://conda.anaconda.org/conda-forge/noarch/google-ai-generativelanguage-0.6.15-pyhd8ed1ab_0.conda
  sha256: 4c777e50a850db1b21c5fd5d7afa56634caa841c6c0da5d25d63c32648c983ac
  md5: fcd42b115bc1cd978581baf3287e5329
  depends:
  - google-api-core >=1.34.1,<3.0.0dev,!=2.0.*,!=2.1.*,!=2.2.*,!=2.3.*,!=2.4.*,!=2.5.*,!=2.6.*,!=2.7.*,!=2.8.*,!=2.9.*,!=2.10.*
  - google-auth >=2.14.1,<3.0.0dev,!=2.24.0,!=2.25.0
  - proto-plus >=1.22.3,<2.0.0dev
  - protobuf >=3.20.2,<6.0.0dev,!=4.21.0,!=4.21.1,!=4.21.2,!=4.21.3,!=4.21.4,!=4.21.5
  - python >=3.9
  license: Apache-2.0
  license_family: APACHE
  size: 165555
  timestamp: 1736820665100
- conda: https://conda.anaconda.org/conda-forge/noarch/google-api-core-2.29.0-pyhd8ed1ab_0.conda
  sha256: 0f696294c9a117a16e344388347dd9dff644cd8ddb703002169d81f889c176df
  md5: 7fd8158ff94ccf28a2ac1f534989d698
  depends:
  - google-auth >=2.14.1,<3.0.0
  - googleapis-common-protos >=1.56.2,<2.0.0
  - proto-plus >=1.25.0,<2.0.0
  - protobuf >=3.19.5,<7.0.0,!=3.20.0,!=3.20.1,!=4.21.0,!=4.21.1,!=4.21.2,!=4.21.3,!=4.21.4,!=4.21.5
  - python >=3.10
  - requests >=2.18.0,<3.0.0
  license: Apache-2.0
  license_family: APACHE
  size: 98400
  timestamp: 1768122057220
- conda: https://conda.anaconda.org/conda-forge/noarch/google-api-python-client-2.189.0-pyh332efcf_0.conda
  sha256: 8e025bea9610e50c4305d2a0d42c4070314428f4aa6e94152f00f276593e3e8b
  md5: 27ec787d05cab3a1c383204cf7be9d3e
  depends:
  - google-api-core >=1.31.5,<3.0.0,!=2.0.*,!=2.1.*,!=2.2.*,!=2.3.0
  - google-auth >=1.32.0,<3.0.0,!=2.24.0,!=2.25.0
  - google-auth-httplib2 >=0.2.0,<1.0.0
  - httplib2 >=0.19.0,<1.0.0
  - python >=3.10
  - uritemplate >=3.0.1,<5
  license: Apache-2.0 and MIT
  size: 7012387
  timestamp: 1770155461700
- conda: https://conda.anaconda.org/conda-forge/noarch/google-auth-2.48.0-pyhcf101f3_0.conda
  sha256: f9fd7cbfc6cea1b43c9e210f0042c5ca62ded641a83ed6e7c046ef08dfac4583
  md5: 6e643ba74997c8dddbaa98fc2fc3481b
  depends:
  - python >=3.10
  - pyasn1-modules >=0.2.1
  - cryptography >=38.0.3
  - rsa >=3.1.4,<5
  - aiohttp >=3.6.2,<4.0.0
  - requests >=2.20.0,<3.0.0
  - pyopenssl >=20.0.0
  - pyu2f >=0.1.5
  - python
  license: Apache-2.0
  license_family: APACHE
  size: 141954
  timestamp: 1769604366349
- conda: https://conda.anaconda.org/conda-forge/noarch/google-auth-httplib2-0.3.0-pyhd8ed1ab_0.conda
  sha256: 1e77d1016392f3ec237d92f88a62cc593f2c2a2d25ee55649c53ac9638faeaa3
  md5: 083dde4d8d0f7e39fafc67fc4bfc1019
  depends:
  - google-auth >=1.32.0,<3.0.0
  - httplib2 >=0.19.0,<1.0.0
  - python >=3.10
  license: Apache-2.0
  license_family: Apache
  size: 15860
  timestamp: 1765878744043
- conda: https://conda.anaconda.org/conda-forge/noarch/google-generativeai-0.8.6-pyhcf101f3_0.conda
  sha256: cdbc52cb5446b03e4ef9f50a0e8af556b41448b575d242a9f72cf728295c3a54
  md5: 036b6027ebde4edae69a6c581b6dc199
  depends:
  - typing_extensions
  - python >=3.10
  - google-ai-generativelanguage ==0.6.15
  - google-api-core
  - google-api-python-client
  - google-auth >=2.15.0
  - protobuf
  - pydantic
  - tqdm
  - grpcio
  - python
  license: Apache-2.0
  license_family: APACHE
  size: 103721
  timestamp: 1765911945320
- conda: https://conda.anaconda.org/conda-forge/noarch/googleapis-common-protos-1.72.0-pyhd8ed1ab_0.conda
  sha256: c09ba4b360a0994430d2fe4a230aa6518cd3e6bfdc51a7af9d35d35a25908bb5
  md5: 003094932fb90de018f77a273b8a509b
  depends:
  - protobuf >=3.20.2,<7.0.0,!=4.21.1,!=4.21.2,!=4.21.3,!=4.21.4,!=4.21.5
  - python >=3.10
  license: Apache-2.0
  license_family: APACHE
  size: 142961
  timestamp: 1762522289200
- conda: https://conda.anaconda.org/conda-forge/osx-arm64/grpcio-1.71.0-py313he3ef9dc_1.conda
  sha256: 8d854aa616d8bc6ecadf999d9ab3da84247ab477798ab422a645119d2415d038
  md5: 8d3edb5f1aa9125f30eba04b849b6f70
  depends:
  - __osx >=11.0
  - libcxx >=18
  - libgrpc 1.71.0 h857da87_1
  - libzlib >=1.3.1,<2.0a0
  - python >=3.13,<3.14.0a0
  - python >=3.13,<3.14.0a0 *_cp313
  - python_abi 3.13.* *_cp313
  license: Apache-2.0
  license_family: APACHE
  size: 843424
  timestamp: 1745191890666
- conda: https://conda.anaconda.org/conda-forge/noarch/h2-4.3.0-pyhcf101f3_0.conda
  sha256: 84c64443368f84b600bfecc529a1194a3b14c3656ee2e832d15a20e0329b6da3
  md5: 164fc43f0b53b6e3a7bc7dce5e4f1dc9
  depends:
  - python >=3.10
  - hyperframe >=6.1,<7
  - hpack >=4.1,<5
  - python
  license: MIT
  license_family: MIT
  size: 95967
  timestamp: 1756364871835
- conda: https://conda.anaconda.org/conda-forge/noarch/hpack-4.1.0-pyhd8ed1ab_0.conda
  sha256: 6ad78a180576c706aabeb5b4c8ceb97c0cb25f1e112d76495bff23e3779948ba
  md5: 0a802cb9888dd14eeefc611f05c40b6e
  depends:
  - python >=3.9
  license: MIT
  license_family: MIT
  size: 30731
  timestamp: 1737618390337
- conda: https://conda.anaconda.org/conda-forge/noarch/httplib2-0.31.2-pyhd8ed1ab_0.conda
  sha256: 1b80b12553f2036522637385aeb5e7b21adb0cfc6849c6f6ae760478ea4691e0
  md5: 0e96892ead81279ba0d2b011a347643c
  depends:
  - pyparsing >=3.1,<4
  - python >=3.10
  license: MIT
  license_family: MIT
  size: 91277
  timestamp: 1769247628762
- conda: https://conda.anaconda.org/conda-forge/noarch/hyperframe-6.1.0-pyhd8ed1ab_0.conda
  sha256: 77af6f5fe8b62ca07d09ac60127a30d9069fdc3c68d6b256754d0ffb1f7779f8
  md5: 8e6923fc12f1fe8f8c4e5c9f343256ac
  depends:
  - python >=3.9
  license: MIT
  license_family: MIT
  size: 17397
  timestamp: 1737618427549
- conda: https://conda.anaconda.org/conda-forge/osx-arm64/icu-78.2-h38cb7af_0.conda
  sha256: d4cefbca587429d1192509edc52c88de52bc96c2447771ddc1f8bee928aed5ef
  md5: 1e93aca311da0210e660d2247812fa02
  depends:
  - __osx >=11.0
  license: MIT
  license_family: MIT
  size: 12358010
  timestamp: 1767970350308
- conda: https://conda.anaconda.org/conda-forge/noarch/idna-3.11-pyhd8ed1ab_0.conda
  sha256: ae89d0299ada2a3162c2614a9d26557a92aa6a77120ce142f8e0109bbf0342b0
  md5: 53abe63df7e10a6ba605dc5f9f961d36
  depends:
  - python >=3.10
  license: BSD-3-Clause
  license_family: BSD
  size: 50721
  timestamp: 1760286526795
- conda: https://conda.anaconda.org/conda-forge/osx-arm64/libabseil-20250127.1-cxx17_h07bc746_0.conda
  sha256: 9884f855bdfd5cddac209df90bdddae8b3a6d8accfd2d3f52bc9db2f9ebb69c9
  md5: 26aabb99a8c2806d8f617fd135f2fc6f
  depends:
  - __osx >=11.0
  - libcxx >=18
  constrains:
  - abseil-cpp =20250127.1
  - libabseil-static =20250127.1=cxx17*
  license: Apache-2.0
  license_family: Apache
  size: 1192962
  timestamp: 1742369814061
- conda: https://conda.anaconda.org/conda-forge/osx-arm64/libcxx-21.1.8-h55c6f16_2.conda
  sha256: 5fbeb2fc2673f0455af6079abf93faaf27f11a92574ad51565fa1ecac9a4e2aa
  md5: 4cb5878bdb9ebfa65b7cdff5445087c5
  depends:
  - __osx >=11.0
  license: Apache-2.0 WITH LLVM-exception
  license_family: Apache
  size: 570068
  timestamp: 1770238262922
- conda: https://conda.anaconda.org/conda-forge/osx-arm64/libexpat-2.7.3-haf25636_0.conda
  sha256: fce22610ecc95e6d149e42a42fbc3cc9d9179bd4eb6232639a60f06e080eec98
  md5: b79875dbb5b1db9a4a22a4520f918e1a
  depends:
  - __osx >=11.0
  constrains:
  - expat 2.7.3.*
  license: MIT
  license_family: MIT
  size: 67800
  timestamp: 1763549994166
- conda: https://conda.anaconda.org/conda-forge/osx-arm64/libffi-3.5.2-hcf2aa1b_0.conda
  sha256: 6686a26466a527585e6a75cc2a242bf4a3d97d6d6c86424a441677917f28bec7
  md5: 43c04d9cb46ef176bb2a4c77e324d599
  depends:
  - __osx >=11.0
  license: MIT
  license_family: MIT
  size: 40979
  timestamp: 1769456747661
- conda: https://conda.anaconda.org/conda-forge/osx-arm64/libgrpc-1.71.0-h857da87_1.conda
  sha256: 082668830025c2a2842165724b44d4f742688353932a6705cd61aa4ecb9aa173
  md5: 59fe16787c94d3dc92f2dfa533de97c6
  depends:
  - __osx >=11.0
  - c-ares >=1.34.5,<2.0a0
  - libabseil * cxx17*
  - libabseil >=20250127.1,<20250128.0a0
  - libcxx >=18
  - libprotobuf >=5.29.3,<5.29.4.0a0
  - libre2-11 >=2024.7.2
  - libzlib >=1.3.1,<2.0a0
  - openssl >=3.5.0,<4.0a0
  - re2
  constrains:
  - grpc-cpp =1.71.0
  license: Apache-2.0
  license_family: APACHE
  size: 4908484
  timestamp: 1745191611284
- conda: https://conda.anaconda.org/conda-forge/osx-arm64/liblzma-5.8.2-h8088a28_0.conda
  sha256: 7bfc7ffb2d6a9629357a70d4eadeadb6f88fa26ebc28f606b1c1e5e5ed99dc7e
  md5: 009f0d956d7bfb00de86901d16e486c7
  depends:
  - __osx >=11.0
  constrains:
  - xz 5.8.2.*
  license: 0BSD
  size: 92242
  timestamp: 1768752982486
- conda: https://conda.anaconda.org/conda-forge/osx-arm64/libmpdec-4.0.0-h84a0fba_1.conda
  sha256: 1089c7f15d5b62c622625ec6700732ece83be8b705da8c6607f4dabb0c4bd6d2
  md5: 57c4be259f5e0b99a5983799a228ae55
  depends:
  - __osx >=11.0
  license: BSD-2-Clause
  license_family: BSD
  size: 73690
  timestamp: 1769482560514
- conda: https://conda.anaconda.org/conda-forge/osx-arm64/libprotobuf-5.29.3-h7463a21_3.conda
  sha256: 679e86f98778f7554d37b30b9590a184d4510fed948f2f7d6f2acd2c7c380553
  md5: 7365d59e0d3de1040b3c3266e7187d24
  depends:
  - __osx >=11.0
  - libabseil * cxx17*
  - libabseil >=20250127.1,<20250128.0a0
  - libcxx >=19
  - libzlib >=1.3.1,<2.0a0
  license: BSD-3-Clause
  license_family: BSD
  size: 2603752
  timestamp: 1764144781330
- conda: https://conda.anaconda.org/conda-forge/osx-arm64/libre2-11-2025.06.26-hd41c47c_0.conda
  sha256: d125de07bcdeadddd415d2f855f7fe383b066a373fa88244e51c58fef5cb8774
  md5: ce95f5724e52eb76f4cd4be6e7a0d9ae
  depends:
  - __osx >=11.0
  - libabseil * cxx17*
  - libabseil >=20250127.1,<20250128.0a0
  - libcxx >=18
  constrains:
  - re2 2025.06.26.*
  license: BSD-3-Clause
  license_family: BSD
  size: 167704
  timestamp: 1751053331260
- conda: https://conda.anaconda.org/conda-forge/osx-arm64/libsqlite-3.51.2-h1ae2325_0.conda
  sha256: 6e9b9f269732cbc4698c7984aa5b9682c168e2a8d1e0406e1ff10091ca046167
  md5: 4b0bf313c53c3e89692f020fb55d5f2c
  depends:
  - __osx >=11.0
  - icu >=78.2,<79.0a0
  - libzlib >=1.3.1,<2.0a0
  license: blessing
  size: 909777
  timestamp: 1768148320535
- conda: https://conda.anaconda.org/conda-forge/osx-arm64/libzlib-1.3.1-h8359307_2.conda
  sha256: ce34669eadaba351cd54910743e6a2261b67009624dbc7daeeafdef93616711b
  md5: 369964e85dc26bfe78f41399b366c435
  depends:
  - __osx >=11.0
  constrains:
  - zlib 1.3.1 *_2
  license: Zlib
  license_family: Other
  size: 46438
  timestamp: 1727963202283
- conda: https://conda.anaconda.org/conda-forge/osx-arm64/multidict-6.7.0-py313h92dd972_0.conda
  sha256: edca3b5b539e2455d96dadbf7515ebf65a40859d2d1c21898b747dcb04ab8809
  md5: 1e544f6a27a177c52e8d76b351433a3a
  depends:
  - __osx >=11.0
  - python >=3.13,<3.14.0a0
  - python >=3.13,<3.14.0a0 *_cp313
  - python_abi 3.13.* *_cp313
  license: Apache-2.0
  license_family: APACHE
  size: 87170
  timestamp: 1765460748734
- conda: https://conda.anaconda.org/conda-forge/osx-arm64/ncurses-6.5-h5e97a16_3.conda
  sha256: 2827ada40e8d9ca69a153a45f7fd14f32b2ead7045d3bbb5d10964898fe65733
  md5: 068d497125e4bf8a66bf707254fff5ae
  depends:
  - __osx >=11.0
  license: X11 AND BSD-3-Clause
  size: 797030
  timestamp: 1738196177597
- conda: https://conda.anaconda.org/conda-forge/osx-arm64/openssl-3.6.1-hd24854e_1.conda
  sha256: 361f5c5e60052abc12bdd1b50d7a1a43e6a6653aab99a2263bf2288d709dcf67
  md5: f4f6ad63f98f64191c3e77c5f5f29d76
  depends:
  - __osx >=11.0
  - ca-certificates
  license: Apache-2.0
  license_family: Apache
  size: 3104268
  timestamp: 1769556384749
- conda: https://conda.anaconda.org/conda-forge/osx-arm64/propcache-0.3.1-py313ha9b7d5b_0.conda
  sha256: 0b98966e2c2fbba137dea148dfb29d6a604e27d0f5b36223560387f83ee3d5a1
  md5: 4eb9e019ebc1224f1963031b7b09630e
  depends:
  - __osx >=11.0
  - python >=3.13,<3.14.0a0
  - python >=3.13,<3.14.0a0 *_cp313
  - python_abi 3.13.* *_cp313
  license: Apache-2.0
  license_family: APACHE
  size: 51553
  timestamp: 1744525184775
- conda: https://conda.anaconda.org/conda-forge/noarch/proto-plus-1.27.1-pyhd8ed1ab_0.conda
  sha256: 0d91d1687ed442f9b8ffd6792cf3127529a088e020fac7915e0c40cc23be3037
  md5: c9b8e02d974817913ab94dae12c7340b
  depends:
  - protobuf >=3.19.0,<7.0.0
  - python >=3.10
  license: Apache-2.0
  license_family: APACHE
  size: 43555
  timestamp: 1770104240191
- conda: https://conda.anaconda.org/conda-forge/osx-arm64/protobuf-5.29.3-py313hfa7305b_0.conda
  sha256: cd2a6b56936f1934044e48f82575337567cee5f9d4a91309546838e335113639
  md5: c97c25a206471287991e781bb63f04a7
  depends:
  - __osx >=11.0
  - libabseil * cxx17*
  - libabseil >=20250127.0,<20250128.0a0
  - libcxx >=18
  - libzlib >=1.3.1,<2.0a0
  - python >=3.13,<3.14.0a0
  - python >=3.13,<3.14.0a0 *_cp313
  - python_abi 3.13.* *_cp313
  constrains:
  - libprotobuf 5.29.3
  license: BSD-3-Clause
  license_family: BSD
  size: 470026
  timestamp: 1741126235646
- conda: https://conda.anaconda.org/conda-forge/noarch/pyasn1-0.6.2-pyhd8ed1ab_0.conda
  sha256: 2b6e22e97af814153c0a993ea66811de9db05b2a6946dcb97a3953af13c33a80
  md5: c203d401759f448f9e792974e055bcdc
  depends:
  - python >=3.10
  license: BSD-2-Clause
  license_family: BSD
  size: 63471
  timestamp: 1769186345593
- conda: https://conda.anaconda.org/conda-forge/noarch/pyasn1-modules-0.4.2-pyhd8ed1ab_0.conda
  sha256: 5495061f5d3d6b82b74d400273c586e7c1f1700183de1d2d1688e900071687cb
  md5: c689b62552f6b63f32f3322e463f3805
  depends:
  - pyasn1 >=0.6.1,<0.7.0
  - python >=3.9
  license: BSD-2-Clause
  license_family: BSD
  size: 95990
  timestamp: 1743436137965
- conda: https://conda.anaconda.org/conda-forge/noarch/pycparser-2.22-pyh29332c3_1.conda
  sha256: 79db7928d13fab2d892592223d7570f5061c192f27b9febd1a418427b719acc6
  md5: 12c566707c80111f9799308d9e265aef
  depends:
  - python >=3.9
  - python
  license: BSD-3-Clause
  license_family: BSD
  size: 110100
  timestamp: 1733195786147
- conda: https://conda.anaconda.org/conda-forge/noarch/pydantic-2.12.5-pyhcf101f3_1.conda
  sha256: 868569d9505b7fe246c880c11e2c44924d7613a8cdcc1f6ef85d5375e892f13d
  md5: c3946ed24acdb28db1b5d63321dbca7d
  depends:
  - typing-inspection >=0.4.2
  - typing_extensions >=4.14.1
  - python >=3.10
  - typing-extensions >=4.6.1
  - annotated-types >=0.6.0
  - pydantic-core ==2.41.5
  - python
  license: MIT
  license_family: MIT
  size: 340482
  timestamp: 1764434463101
- conda: https://conda.anaconda.org/conda-forge/osx-arm64/pydantic-core-2.41.5-py313h2c089d5_1.conda
  sha256: 08398c0599084837ba89d69db00b3d0973dc86d6519957dc6c1b480e2571451a
  md5: eaeed566f6d88c0a08d73700b34be4a2
  depends:
  - python
  - typing-extensions >=4.6.0,!=4.7.0
  - python 3.13.* *_cp313
  - __osx >=11.0
  - python_abi 3.13.* *_cp313
  constrains:
  - __osx >=11.0
  license: MIT
  license_family: MIT
  size: 1778337
  timestamp: 1762989007829
- conda: https://conda.anaconda.org/conda-forge/noarch/pyopenssl-25.3.0-pyhd8ed1ab_0.conda
  sha256: e3a1216bbc4622ac4dfd36c3f8fd3a90d800eebc9147fa3af7eab07d863516b3
  md5: ddf01a1d87103a152f725c7aeabffa29
  depends:
  - cryptography >=45.0.7,<47
  - python >=3.10
  - typing-extensions >=4.9
  - typing_extensions >=4.9
  license: Apache-2.0
  license_family: Apache
  size: 126393
  timestamp: 1760304658366
- conda: https://conda.anaconda.org/conda-forge/noarch/pyparsing-3.3.2-pyhcf101f3_0.conda
  sha256: 417fba4783e528ee732afa82999300859b065dc59927344b4859c64aae7182de
  md5: 3687cc0b82a8b4c17e1f0eb7e47163d5
  depends:
  - python >=3.10
  - python
  license: MIT
  license_family: MIT
  size: 110893
  timestamp: 1769003998136
- conda: https://conda.anaconda.org/conda-forge/noarch/pysocks-1.7.1-pyha55dd90_7.conda
  sha256: ba3b032fa52709ce0d9fd388f63d330a026754587a2f461117cac9ab73d8d0d8
  md5: 461219d1a5bd61342293efa2c0c90eac
  depends:
  - __unix
  - python >=3.9
  license: BSD-3-Clause
  license_family: BSD
  size: 21085
  timestamp: 1733217331982
- conda: https://conda.anaconda.org/conda-forge/osx-arm64/python-3.13.12-h20e6be0_100_cp313.conda
  build_number: 100
  sha256: 9a4f16a64def0853f0a7b6a7beb40d498fd6b09bee10b90c3d6069b664156817
  md5: 179c0f5ae4f22bc3be567298ed0b17b9
  depends:
  - __osx >=11.0
  - bzip2 >=1.0.8,<2.0a0
  - libexpat >=2.7.3,<3.0a0
  - libffi >=3.5.2,<3.6.0a0
  - liblzma >=5.8.2,<6.0a0
  - libmpdec >=4.0.0,<5.0a0
  - libsqlite >=3.51.2,<4.0a0
  - libzlib >=1.3.1,<2.0a0
  - ncurses >=6.5,<7.0a0
  - openssl >=3.5.5,<4.0a0
  - python_abi 3.13.* *_cp313
  - readline >=8.3,<9.0a0
  - tk >=8.6.13,<8.7.0a0
  - tzdata
  license: Python-2.0
  size: 12770674
  timestamp: 1770272314517
  python_site_packages_path: lib/python3.13/site-packages
- conda: https://conda.anaconda.org/conda-forge/noarch/python_abi-3.13-8_cp313.conda
  build_number: 8
  sha256: 210bffe7b121e651419cb196a2a63687b087497595c9be9d20ebe97dd06060a7
  md5: 94305520c52a4aa3f6c2b1ff6008d9f8
  constrains:
  - python 3.13.* *_cp313
  license: BSD-3-Clause
  license_family: BSD
  size: 7002
  timestamp: 1752805902938
- conda: https://conda.anaconda.org/conda-forge/noarch/pyu2f-0.1.5-pyhd8ed1ab_1.conda
  sha256: 991caa5408aea018488a2c94e915c11792b9321b0ef64401f4829ebd0abfb3c0
  md5: 644bd4ca9f68ef536b902685d773d697
  depends:
  - python >=3.9
  - six
  license: Apache-2.0
  license_family: APACHE
  size: 36786
  timestamp: 1733738704089
- conda: https://conda.anaconda.org/conda-forge/osx-arm64/re2-2025.06.26-h6589ca4_0.conda
  sha256: d7c4f0144530c829bc9c39d1e17f31242a15f4e91c9d7d0f8dda58ab245988bb
  md5: d519f1f98599719494472639406faffb
  depends:
  - libre2-11 2025.06.26 hd41c47c_0
  license: BSD-3-Clause
  license_family: BSD
  size: 27423
  timestamp: 1751053372858
- conda: https://conda.anaconda.org/conda-forge/osx-arm64/readline-8.3-h46df422_0.conda
  sha256: a77010528efb4b548ac2a4484eaf7e1c3907f2aec86123ed9c5212ae44502477
  md5: f8381319127120ce51e081dce4865cf4
  depends:
  - __osx >=11.0
  - ncurses >=6.5,<7.0a0
  license: GPL-3.0-only
  license_family: GPL
  size: 313930
  timestamp: 1765813902568
- conda: https://conda.anaconda.org/conda-forge/noarch/requests-2.32.5-pyhcf101f3_1.conda
  sha256: 7813c38b79ae549504b2c57b3f33394cea4f2ad083f0994d2045c2e24cb538c5
  md5: c65df89a0b2e321045a9e01d1337b182
  depends:
  - python >=3.10
  - certifi >=2017.4.17
  - charset-normalizer >=2,<4
  - idna >=2.5,<4
  - urllib3 >=1.21.1,<3
  - python
  constrains:
  - chardet >=3.0.2,<6
  license: Apache-2.0
  license_family: APACHE
  size: 63602
  timestamp: 1766926974520
- conda: https://conda.anaconda.org/conda-forge/noarch/rsa-4.9.1-pyhd8ed1ab_0.conda
  sha256: e32e94e7693d4bc9305b36b8a4ef61034e0428f58850ebee4675978e3c2e5acf
  md5: 58958bb50f986ac0c46f73b6e290d5fe
  depends:
  - pyasn1 >=0.1.3
  - python >=3.9
  license: Apache-2.0
  license_family: APACHE
  size: 31709
  timestamp: 1744825527634
- conda: https://conda.anaconda.org/conda-forge/noarch/six-1.17.0-pyhe01879c_1.conda
  sha256: 458227f759d5e3fcec5d9b7acce54e10c9e1f4f4b7ec978f3bfd54ce4ee9853d
  md5: 3339e3b65d58accf4ca4fb8748ab16b3
  depends:
  - python >=3.9
  - python
  license: MIT
  license_family: MIT
  size: 18455
  timestamp: 1753199211006
- conda: https://conda.anaconda.org/conda-forge/osx-arm64/tk-8.6.13-h010d191_3.conda
  sha256: 799cab4b6cde62f91f750149995d149bc9db525ec12595e8a1d91b9317f038b3
  md5: a9d86bc62f39b94c4661716624eb21b0
  depends:
  - __osx >=11.0
  - libzlib >=1.3.1,<2.0a0
  license: TCL
  license_family: BSD
  size: 3127137
  timestamp: 1769460817696
- conda: https://conda.anaconda.org/conda-forge/noarch/tqdm-4.67.3-pyh8f84b5b_0.conda
  sha256: 9ef8e47cf00e4d6dcc114eb32a1504cc18206300572ef14d76634ba29dfe1eb6
  md5: e5ce43272193b38c2e9037446c1d9206
  depends:
  - python >=3.10
  - __unix
  - python
  license: MPL-2.0 and MIT
  size: 94132
  timestamp: 1770153424136
- conda: https://conda.anaconda.org/conda-forge/noarch/typing-extensions-4.15.0-h396c80c_0.conda
  sha256: 7c2df5721c742c2a47b2c8f960e718c930031663ac1174da67c1ed5999f7938c
  md5: edd329d7d3a4ab45dcf905899a7a6115
  depends:
  - typing_extensions ==4.15.0 pyhcf101f3_0
  license: PSF-2.0
  license_family: PSF
  size: 91383
  timestamp: 1756220668932
- conda: https://conda.anaconda.org/conda-forge/noarch/typing-inspection-0.4.2-pyhd8ed1ab_1.conda
  sha256: 70db27de58a97aeb7ba7448366c9853f91b21137492e0b4430251a1870aa8ff4
  md5: a0a4a3035667fc34f29bfbd5c190baa6
  depends:
  - python >=3.10
  - typing_extensions >=4.12.0
  license: MIT
  license_family: MIT
  size: 18923
  timestamp: 1764158430324
- conda: https://conda.anaconda.org/conda-forge/noarch/typing_extensions-4.15.0-pyhcf101f3_0.conda
  sha256: 032271135bca55aeb156cee361c81350c6f3fb203f57d024d7e5a1fc9ef18731
  md5: 0caa1af407ecff61170c9437a808404d
  depends:
  - python >=3.10
  - python
  license: PSF-2.0
  license_family: PSF
  size: 51692
  timestamp: 1756220668932
- conda: https://conda.anaconda.org/conda-forge/noarch/tzdata-2025c-hc9c84f9_1.conda
  sha256: 1d30098909076af33a35017eed6f2953af1c769e273a0626a04722ac4acaba3c
  md5: ad659d0a2b3e47e38d829aa8cad2d610
  license: LicenseRef-Public-Domain
  size: 119135
  timestamp: 1767016325805
- conda: https://conda.anaconda.org/conda-forge/noarch/uritemplate-4.2.0-pyhd8ed1ab_0.conda
  sha256: 6182ff04a7e3c84e3e5fb8e26e98606089df7d13ae89c3eace81571040dedd68
  md5: 39224004f2b57cf7a7fb3d83610ab633
  depends:
  - python >=3.9
  license: Apache-2.0
  license_family: Apache
  size: 16301
  timestamp: 1748892415935
- conda: https://conda.anaconda.org/conda-forge/noarch/urllib3-2.6.3-pyhd8ed1ab_0.conda
  sha256: af641ca7ab0c64525a96fd9ad3081b0f5bcf5d1cbb091afb3f6ed5a9eee6111a
  md5: 9272daa869e03efe68833e3dc7a02130
  depends:
  - backports.zstd >=1.0.0
  - brotli-python >=1.2.0
  - h2 >=4,<5
  - pysocks >=1.5.6,<2.0,!=1.5.7
  - python >=3.10
  license: MIT
  license_family: MIT
  size: 103172
  timestamp: 1767817860341
- conda: https://conda.anaconda.org/conda-forge/osx-arm64/yarl-1.22.0-py313h7d74516_0.conda
  sha256: 34d3912ba9068a6e20dbec361ff308ad27634ca003294dd573d879f7670fcb38
  md5: e49ee2a431e4f895b52a2c385b61aed5
  depends:
  - __osx >=11.0
  - idna >=2.0
  - multidict >=4.0
  - propcache >=0.2.1
  - python >=3.13,<3.14.0a0
  - python >=3.13,<3.14.0a0 *_cp313
  - python_abi 3.13.* *_cp313
  license: Apache-2.0
  license_family: Apache
  size: 145632
  timestamp: 1761337208054
- conda: https://conda.anaconda.org/conda-forge/osx-arm64/zstd-1.5.7-hbf9d68e_6.conda
  sha256: 9485ba49e8f47d2b597dd399e88f4802e100851b27c21d7525625b0b4025a5d9
  md5: ab136e4c34e97f34fb621d2592a393d8
  depends:
  - __osx >=11.0
  - libzlib >=1.3.1,<2.0a0
  license: BSD-3-Clause
  license_family: BSD
  size: 433413
  timestamp: 1764777166076
